
Microsoft Visual Studio Solution File, Format Version 12.00
# Visual Studio Version 16
VisualStudioVersion = 16.0.31005.135
MinimumVisualStudioVersion = 10.0.40219.1
Project("{FAE04EC0-301F-11D3-BF4B-00C04F79EFBC}") = "week06", "week06\week06.csproj", "{93B4637B-C6CA-491C-AFCE-C6225DEB540E}"
EndProject
Global
	GlobalSection(SolutionConfigurationPlatforms) = preSolution
		Debug|Any CPU = Debug|Any CPU
		Release|Any CPU = Release|Any CPU
	EndGlobalSection
	GlobalSection(ProjectConfigurationPlatforms) = postSolution
		{93B4637B-C6CA-491C-AFCE-C6225DEB540E}.Debug|Any CPU.ActiveCfg = Debug|Any CPU
		{93B4637B-C6CA-491C-AFCE-C6225DEB540E}.Debug|Any CPU.Build.0 = Debug|Any CPU
		{93B4637B-C6CA-491C-AFCE-C6225DEB540E}.Release|Any CPU.ActiveCfg = Release|Any CPU
		{93B4637B-C6CA-491C-AFCE-C6225DEB540E}.Release|Any CPU.Build.0 = Release|Any CPU
	EndGlobalSection
	GlobalSection(SolutionProperties) = preSolution
		HideSolutionNode = FALSE
	EndGlobalSection
	GlobalSection(ExtensibilityGlobals) = postSolution
		SolutionGuid = {947FDC1B-64CC-4BF4-ADC3-2CD8823EA85C}
	EndGlobalSection
EndGlobal
